
Microsoft Visual Studio Solution File, Format Version 12.00
# Visual Studio Version 16
VisualStudioVersion = 16.0.28803.156
MinimumVisualStudioVersion = 10.0.40219.1
Project("{9A19103F-16F7-4668-BE54-9A1E7A4F7556}") = "Services", "Services\Services.csproj", "{FA75FD4A-089F-49C3-B51C-7C4456C8D536}"
EndProject
Global
	GlobalSection(SolutionConfigurationPlatforms) = preSolution
		Debug|Any CPU = Debug|Any CPU
		Release|Any CPU = Release|Any CPU
	EndGlobalSection
	GlobalSection(ProjectConfigurationPlatforms) = postSolution
		{FA75FD4A-089F-49C3-B51C-7C4456C8D536}.Debug|Any CPU.ActiveCfg = Debug|Any CPU
		{FA75FD4A-089F-49C3-B51C-7C4456C8D536}.Debug|Any CPU.Build.0 = Debug|Any CPU
		{FA75FD4A-089F-49C3-B51C-7C4456C8D536}.Release|Any CPU.ActiveCfg = Release|Any CPU
		{FA75FD4A-089F-49C3-B51C-7C4456C8D536}.Release|Any CPU.Build.0 = Release|Any CPU
	EndGlobalSection
	GlobalSection(SolutionProperties) = preSolution
		HideSolutionNode = FALSE
	EndGlobalSection
	GlobalSection(ExtensibilityGlobals) = postSolution
		SolutionGuid = {C7A0CB9C-2703-4F4A-A257-FBEEEE106F00}
	EndGlobalSection
EndGlobal
